// !$*UTF8*$!
{
	archiveVersion = 1;
	classes = {
	};
	objectVersion = 56;
	objects = {

/* Begin PBXBuildFile section */
		2F54EF372AE0076E00A15D38 /* TabBarViewController.swift in Sources */ = {isa = PBXBuildFile; fileRef = 2F54EF362AE0076E00A15D38 /* TabBarViewController.swift */; };
		2F54EF3A2AE01D2E00A15D38 /* Restaurant.swift in Sources */ = {isa = PBXBuildFile; fileRef = 2F54EF392AE01D2E00A15D38 /* Restaurant.swift */; };
		2F54EF3D2AE05B9200A15D38 /* Date+FoodOrder.swift in Sources */ = {isa = PBXBuildFile; fileRef = 2F54EF3C2AE05B9200A15D38 /* Date+FoodOrder.swift */; };
		2FA9F9C82AE0853F00620083 /* 15-2.png in Resources */ = {isa = PBXBuildFile; fileRef = 2FA9F9C02AE0853E00620083 /* 15-2.png */; };
		2FA9F9C92AE0853F00620083 /* SE-2.png in Resources */ = {isa = PBXBuildFile; fileRef = 2FA9F9C12AE0853E00620083 /* SE-2.png */; };
		2FA9F9CA2AE0853F00620083 /* SE-4.png in Resources */ = {isa = PBXBuildFile; fileRef = 2FA9F9C22AE0853E00620083 /* SE-4.png */; };
		2FA9F9CB2AE0853F00620083 /* 15-1.png in Resources */ = {isa = PBXBuildFile; fileRef = 2FA9F9C32AE0853E00620083 /* 15-1.png */; };
		2FA9F9CC2AE0853F00620083 /* SE-1.png in Resources */ = {isa = PBXBuildFile; fileRef = 2FA9F9C42AE0853E00620083 /* SE-1.png */; };
		2FA9F9CD2AE0853F00620083 /* 15-4.png in Resources */ = {isa = PBXBuildFile; fileRef = 2FA9F9C52AE0853F00620083 /* 15-4.png */; };
		2FA9F9CE2AE0853F00620083 /* SE-3.png in Resources */ = {isa = PBXBuildFile; fileRef = 2FA9F9C62AE0853F00620083 /* SE-3.png */; };
		2FA9F9CF2AE0853F00620083 /* 15-3.png in Resources */ = {isa = PBXBuildFile; fileRef = 2FA9F9C72AE0853F00620083 /* 15-3.png */; };
		2FD3EEDC2ADD5F1E0042D1C9 /* AppDelegate.swift in Sources */ = {isa = PBXBuildFile; fileRef = 2FD3EEDB2ADD5F1E0042D1C9 /* AppDelegate.swift */; };
		2FD3EEDE2ADD5F1E0042D1C9 /* SceneDelegate.swift in Sources */ = {isa = PBXBuildFile; fileRef = 2FD3EEDD2ADD5F1E0042D1C9 /* SceneDelegate.swift */; };
		2FD3EEE02ADD5F1E0042D1C9 /* ViewController.swift in Sources */ = {isa = PBXBuildFile; fileRef = 2FD3EEDF2ADD5F1E0042D1C9 /* ViewController.swift */; };
		2FD3EEE32ADD5F1E0042D1C9 /* Main.storyboard in Resources */ = {isa = PBXBuildFile; fileRef = 2FD3EEE12ADD5F1E0042D1C9 /* Main.storyboard */; };
		2FD3EEE52ADD5F200042D1C9 /* Assets.xcassets in Resources */ = {isa = PBXBuildFile; fileRef = 2FD3EEE42ADD5F200042D1C9 /* Assets.xcassets */; };
		2FD3EEE82ADD5F200042D1C9 /* LaunchScreen.storyboard in Resources */ = {isa = PBXBuildFile; fileRef = 2FD3EEE62ADD5F200042D1C9 /* LaunchScreen.storyboard */; };
		2FD3EEF22ADD82BB0042D1C9 /* ListHeaderView.swift in Sources */ = {isa = PBXBuildFile; fileRef = 2FD3EEF12ADD82BB0042D1C9 /* ListHeaderView.swift */; };
		2FD3EEF42ADD8EB00042D1C9 /* LargeListItemView.swift in Sources */ = {isa = PBXBuildFile; fileRef = 2FD3EEF32ADD8EB00042D1C9 /* LargeListItemView.swift */; };
		2FD3EEF62ADD9F920042D1C9 /* SmallListItemView.swift in Sources */ = {isa = PBXBuildFile; fileRef = 2FD3EEF52ADD9F920042D1C9 /* SmallListItemView.swift */; };
		2FD3EEF82ADDBD210042D1C9 /* CafeRatingView.swift in Sources */ = {isa = PBXBuildFile; fileRef = 2FD3EEF72ADDBD210042D1C9 /* CafeRatingView.swift */; };
		2FD3EEFA2ADDC9E10042D1C9 /* CafeTypeView.swift in Sources */ = {isa = PBXBuildFile; fileRef = 2FD3EEF92ADDC9E10042D1C9 /* CafeTypeView.swift */; };
		2FD3EEFC2ADDEFBC0042D1C9 /* WelcomeHeaderView.swift in Sources */ = {isa = PBXBuildFile; fileRef = 2FD3EEFB2ADDEFBC0042D1C9 /* WelcomeHeaderView.swift */; };
		2FE5C6702ADEBA50004BD600 /* SmallItemCollectionViewCell.swift in Sources */ = {isa = PBXBuildFile; fileRef = 2FE5C66F2ADEBA50004BD600 /* SmallItemCollectionViewCell.swift */; };
		2FE5C6722ADED556004BD600 /* LargeItemCollectionViewCell.swift in Sources */ = {isa = PBXBuildFile; fileRef = 2FE5C6712ADED556004BD600 /* LargeItemCollectionViewCell.swift */; };
		2FE5C6742ADF1BE1004BD600 /* SearchBarView.swift in Sources */ = {isa = PBXBuildFile; fileRef = 2FE5C6732ADF1BE1004BD600 /* SearchBarView.swift */; };
		2FE5C6762ADF25AD004BD600 /* LocationSelectorView.swift in Sources */ = {isa = PBXBuildFile; fileRef = 2FE5C6752ADF25AD004BD600 /* LocationSelectorView.swift */; };
/* End PBXBuildFile section */

/* Begin PBXFileReference section */
		2F54EF362AE0076E00A15D38 /* TabBarViewController.swift */ = {isa = PBXFileReference; lastKnownFileType = sourcecode.swift; path = TabBarViewController.swift; sourceTree = "<group>"; };
		2F54EF392AE01D2E00A15D38 /* Restaurant.swift */ = {isa = PBXFileReference; lastKnownFileType = sourcecode.swift; path = Restaurant.swift; sourceTree = "<group>"; };
		2F54EF3C2AE05B9200A15D38 /* Date+FoodOrder.swift */ = {isa = PBXFileReference; lastKnownFileType = sourcecode.swift; path = "Date+FoodOrder.swift"; sourceTree = "<group>"; };
		2FA9F9C02AE0853E00620083 /* 15-2.png */ = {isa = PBXFileReference; lastKnownFileType = image.png; path = "15-2.png"; sourceTree = "<group>"; };
		2FA9F9C12AE0853E00620083 /* SE-2.png */ = {isa = PBXFileReference; lastKnownFileType = image.png; path = "SE-2.png"; sourceTree = "<group>"; };
		2FA9F9C22AE0853E00620083 /* SE-4.png */ = {isa = PBXFileReference; lastKnownFileType = image.png; path = "SE-4.png"; sourceTree = "<group>"; };
		2FA9F9C32AE0853E00620083 /* 15-1.png */ = {isa = PBXFileReference; lastKnownFileType = image.png; path = "15-1.png"; sourceTree = "<group>"; };
		2FA9F9C42AE0853E00620083 /* SE-1.png */ = {isa = PBXFileReference; lastKnownFileType = image.png; path = "SE-1.png"; sourceTree = "<group>"; };
		2FA9F9C52AE0853F00620083 /* 15-4.png */ = {isa = PBXFileReference; lastKnownFileType = image.png; path = "15-4.png"; sourceTree = "<group>"; };
		2FA9F9C62AE0853F00620083 /* SE-3.png */ = {isa = PBXFileReference; lastKnownFileType = image.png; path = "SE-3.png"; sourceTree = "<group>"; };
		2FA9F9C72AE0853F00620083 /* 15-3.png */ = {isa = PBXFileReference; lastKnownFileType = image.png; path = "15-3.png"; sourceTree = "<group>"; };
		2FD3EED82ADD5F1E0042D1C9 /* FoodOrderApp.app */ = {isa = PBXFileReference; explicitFileType = wrapper.application; includeInIndex = 0; path = FoodOrderApp.app; sourceTree = BUILT_PRODUCTS_DIR; };
		2FD3EEDB2ADD5F1E0042D1C9 /* AppDelegate.swift */ = {isa = PBXFileReference; lastKnownFileType = sourcecode.swift; path = AppDelegate.swift; sourceTree = "<group>"; };
		2FD3EEDD2ADD5F1E0042D1C9 /* SceneDelegate.swift */ = {isa = PBXFileReference; lastKnownFileType = sourcecode.swift; path = SceneDelegate.swift; sourceTree = "<group>"; };
		2FD3EEDF2ADD5F1E0042D1C9 /* ViewController.swift */ = {isa = PBXFileReference; lastKnownFileType = sourcecode.swift; path = ViewController.swift; sourceTree = "<group>"; };
		2FD3EEE22ADD5F1E0042D1C9 /* Base */ = {isa = PBXFileReference; lastKnownFileType = file.storyboard; name = Base; path = Base.lproj/Main.storyboard; sourceTree = "<group>"; };
		2FD3EEE42ADD5F200042D1C9 /* Assets.xcassets */ = {isa = PBXFileReference; lastKnownFileType = folder.assetcatalog; path = Assets.xcassets; sourceTree = "<group>"; };
		2FD3EEE72ADD5F200042D1C9 /* Base */ = {isa = PBXFileReference; lastKnownFileType = file.storyboard; name = Base; path = Base.lproj/LaunchScreen.storyboard; sourceTree = "<group>"; };
		2FD3EEE92ADD5F200042D1C9 /* Info.plist */ = {isa = PBXFileReference; lastKnownFileType = text.plist.xml; path = Info.plist; sourceTree = "<group>"; };
		2FD3EEEF2ADD61090042D1C9 /* README.md */ = {isa = PBXFileReference; lastKnownFileType = net.daringfireball.markdown; path = README.md; sourceTree = "<group>"; };
		2FD3EEF12ADD82BB0042D1C9 /* ListHeaderView.swift */ = {isa = PBXFileReference; lastKnownFileType = sourcecode.swift; path = ListHeaderView.swift; sourceTree = "<group>"; };
		2FD3EEF32ADD8EB00042D1C9 /* LargeListItemView.swift */ = {isa = PBXFileReference; lastKnownFileType = sourcecode.swift; path = LargeListItemView.swift; sourceTree = "<group>"; };
		2FD3EEF52ADD9F920042D1C9 /* SmallListItemView.swift */ = {isa = PBXFileReference; lastKnownFileType = sourcecode.swift; path = SmallListItemView.swift; sourceTree = "<group>"; };
		2FD3EEF72ADDBD210042D1C9 /* CafeRatingView.swift */ = {isa = PBXFileReference; lastKnownFileType = sourcecode.swift; path = CafeRatingView.swift; sourceTree = "<group>"; };
		2FD3EEF92ADDC9E10042D1C9 /* CafeTypeView.swift */ = {isa = PBXFileReference; lastKnownFileType = sourcecode.swift; path = CafeTypeView.swift; sourceTree = "<group>"; };
		2FD3EEFB2ADDEFBC0042D1C9 /* WelcomeHeaderView.swift */ = {isa = PBXFileReference; lastKnownFileType = sourcecode.swift; path = WelcomeHeaderView.swift; sourceTree = "<group>"; };
		2FE5C66F2ADEBA50004BD600 /* SmallItemCollectionViewCell.swift */ = {isa = PBXFileReference; lastKnownFileType = sourcecode.swift; path = SmallItemCollectionViewCell.swift; sourceTree = "<group>"; };
		2FE5C6712ADED556004BD600 /* LargeItemCollectionViewCell.swift */ = {isa = PBXFileReference; lastKnownFileType = sourcecode.swift; path = LargeItemCollectionViewCell.swift; sourceTree = "<group>"; };
		2FE5C6732ADF1BE1004BD600 /* SearchBarView.swift */ = {isa = PBXFileReference; lastKnownFileType = sourcecode.swift; path = SearchBarView.swift; sourceTree = "<group>"; };
		2FE5C6752ADF25AD004BD600 /* LocationSelectorView.swift */ = {isa = PBXFileReference; lastKnownFileType = sourcecode.swift; path = LocationSelectorView.swift; sourceTree = "<group>"; };
/* End PBXFileReference section */

/* Begin PBXFrameworksBuildPhase section */
		2FD3EED52ADD5F1E0042D1C9 /* Frameworks */ = {
			isa = PBXFrameworksBuildPhase;
			buildActionMask = 2147483647;
			files = (
			);
			runOnlyForDeploymentPostprocessing = 0;
		};
/* End PBXFrameworksBuildPhase section */

/* Begin PBXGroup section */
		2F54EF342AE0074C00A15D38 /* View */ = {
			isa = PBXGroup;
			children = (
				2FD3EEDF2ADD5F1E0042D1C9 /* ViewController.swift */,
				2F54EF362AE0076E00A15D38 /* TabBarViewController.swift */,
			);
			path = View;
			sourceTree = "<group>";
		};
		2F54EF382AE01D1700A15D38 /* Model */ = {
			isa = PBXGroup;
			children = (
				2F54EF392AE01D2E00A15D38 /* Restaurant.swift */,
			);
			path = Model;
			sourceTree = "<group>";
		};
		2F54EF3B2AE05B6C00A15D38 /* Helpers */ = {
			isa = PBXGroup;
			children = (
				2F54EF3C2AE05B9200A15D38 /* Date+FoodOrder.swift */,
			);
			path = Helpers;
			sourceTree = "<group>";
		};
		2F54EF3E2AE05D3D00A15D38 /* Images */ = {
			isa = PBXGroup;
			children = (
				2FA9F9C32AE0853E00620083 /* 15-1.png */,
				2FA9F9C02AE0853E00620083 /* 15-2.png */,
				2FA9F9C72AE0853F00620083 /* 15-3.png */,
				2FA9F9C52AE0853F00620083 /* 15-4.png */,
				2FA9F9C42AE0853E00620083 /* SE-1.png */,
				2FA9F9C12AE0853E00620083 /* SE-2.png */,
				2FA9F9C62AE0853F00620083 /* SE-3.png */,
				2FA9F9C22AE0853E00620083 /* SE-4.png */,
			);
			path = Images;
			sourceTree = "<group>";
		};
		2FD3EECF2ADD5F1D0042D1C9 = {
			isa = PBXGroup;
			children = (
				2F54EF3E2AE05D3D00A15D38 /* Images */,
				2FD3EEEF2ADD61090042D1C9 /* README.md */,
				2FD3EEDA2ADD5F1E0042D1C9 /* FoodOrderApp */,
				2FD3EED92ADD5F1E0042D1C9 /* Products */,
			);
			sourceTree = "<group>";
		};
		2FD3EED92ADD5F1E0042D1C9 /* Products */ = {
			isa = PBXGroup;
			children = (
				2FD3EED82ADD5F1E0042D1C9 /* FoodOrderApp.app */,
			);
			name = Products;
			sourceTree = "<group>";
		};
		2FD3EEDA2ADD5F1E0042D1C9 /* FoodOrderApp */ = {
			isa = PBXGroup;
			children = (
				2F54EF3B2AE05B6C00A15D38 /* Helpers */,
				2F54EF382AE01D1700A15D38 /* Model */,
				2F54EF342AE0074C00A15D38 /* View */,
				2FD3EEF02ADD7E050042D1C9 /* Components */,
				2FD3EEDB2ADD5F1E0042D1C9 /* AppDelegate.swift */,
				2FD3EEDD2ADD5F1E0042D1C9 /* SceneDelegate.swift */,
				2FD3EEE12ADD5F1E0042D1C9 /* Main.storyboard */,
				2FD3EEE42ADD5F200042D1C9 /* Assets.xcassets */,
				2FD3EEE62ADD5F200042D1C9 /* LaunchScreen.storyboard */,
				2FD3EEE92ADD5F200042D1C9 /* Info.plist */,
			);
			path = FoodOrderApp;
			sourceTree = "<group>";
		};
		2FD3EEF02ADD7E050042D1C9 /* Components */ = {
			isa = PBXGroup;
			children = (
				2FD3EEF12ADD82BB0042D1C9 /* ListHeaderView.swift */,
				2FD3EEF32ADD8EB00042D1C9 /* LargeListItemView.swift */,
				2FD3EEF52ADD9F920042D1C9 /* SmallListItemView.swift */,
				2FD3EEF72ADDBD210042D1C9 /* CafeRatingView.swift */,
				2FD3EEF92ADDC9E10042D1C9 /* CafeTypeView.swift */,
				2FD3EEFB2ADDEFBC0042D1C9 /* WelcomeHeaderView.swift */,
				2FE5C66F2ADEBA50004BD600 /* SmallItemCollectionViewCell.swift */,
				2FE5C6712ADED556004BD600 /* LargeItemCollectionViewCell.swift */,
				2FE5C6732ADF1BE1004BD600 /* SearchBarView.swift */,
				2FE5C6752ADF25AD004BD600 /* LocationSelectorView.swift */,
			);
			path = Components;
			sourceTree = "<group>";
		};
/* End PBXGroup section */

/* Begin PBXNativeTarget section */
		2FD3EED72ADD5F1E0042D1C9 /* FoodOrderApp */ = {
			isa = PBXNativeTarget;
			buildConfigurationList = 2FD3EEEC2ADD5F200042D1C9 /* Build configuration list for PBXNativeTarget "FoodOrderApp" */;
			buildPhases = (
				2FD3EED42ADD5F1E0042D1C9 /* Sources */,
				2FD3EED52ADD5F1E0042D1C9 /* Frameworks */,
				2FD3EED62ADD5F1E0042D1C9 /* Resources */,
			);
			buildRules = (
			);
			dependencies = (
			);
			name = FoodOrderApp;
			productName = FoodOrderApp;
			productReference = 2FD3EED82ADD5F1E0042D1C9 /* FoodOrderApp.app */;
			productType = "com.apple.product-type.application";
		};
/* End PBXNativeTarget section */

/* Begin PBXProject section */
		2FD3EED02ADD5F1D0042D1C9 /* Project object */ = {
			isa = PBXProject;
			attributes = {
				BuildIndependentTargetsInParallel = 1;
				LastSwiftUpdateCheck = 1500;
				LastUpgradeCheck = 1500;
				TargetAttributes = {
					2FD3EED72ADD5F1E0042D1C9 = {
						CreatedOnToolsVersion = 15.0;
					};
				};
			};
			buildConfigurationList = 2FD3EED32ADD5F1D0042D1C9 /* Build configuration list for PBXProject "FoodOrderApp" */;
			compatibilityVersion = "Xcode 14.0";
			developmentRegion = en;
			hasScannedForEncodings = 0;
			knownRegions = (
				en,
				Base,
			);
			mainGroup = 2FD3EECF2ADD5F1D0042D1C9;
			productRefGroup = 2FD3EED92ADD5F1E0042D1C9 /* Products */;
			projectDirPath = "";
			projectRoot = "";
			targets = (
				2FD3EED72ADD5F1E0042D1C9 /* FoodOrderApp */,
			);
		};
/* End PBXProject section */

/* Begin PBXResourcesBuildPhase section */
		2FD3EED62ADD5F1E0042D1C9 /* Resources */ = {
			isa = PBXResourcesBuildPhase;
			buildActionMask = 2147483647;
			files = (
				2FA9F9CD2AE0853F00620083 /* 15-4.png in Resources */,
				2FA9F9CA2AE0853F00620083 /* SE-4.png in Resources */,
				2FA9F9CC2AE0853F00620083 /* SE-1.png in Resources */,
				2FA9F9C82AE0853F00620083 /* 15-2.png in Resources */,
				2FA9F9CF2AE0853F00620083 /* 15-3.png in Resources */,
				2FD3EEE82ADD5F200042D1C9 /* LaunchScreen.storyboard in Resources */,
				2FA9F9C92AE0853F00620083 /* SE-2.png in Resources */,
				2FD3EEE52ADD5F200042D1C9 /* Assets.xcassets in Resources */,
				2FA9F9CE2AE0853F00620083 /* SE-3.png in Resources */,
				2FD3EEE32ADD5F1E0042D1C9 /* Main.storyboard in Resources */,
				2FA9F9CB2AE0853F00620083 /* 15-1.png in Resources */,
			);
			runOnlyForDeploymentPostprocessing = 0;
		};
/* End PBXResourcesBuildPhase section */

/* Begin PBXSourcesBuildPhase section */
		2FD3EED42ADD5F1E0042D1C9 /* Sources */ = {
			isa = PBXSourcesBuildPhase;
			buildActionMask = 2147483647;
			files = (
				2FD3EEE02ADD5F1E0042D1C9 /* ViewController.swift in Sources */,
				2FD3EEFA2ADDC9E10042D1C9 /* CafeTypeView.swift in Sources */,
				2FD3EEF62ADD9F920042D1C9 /* SmallListItemView.swift in Sources */,
				2FD3EEDC2ADD5F1E0042D1C9 /* AppDelegate.swift in Sources */,
				2F54EF372AE0076E00A15D38 /* TabBarViewController.swift in Sources */,
				2F54EF3A2AE01D2E00A15D38 /* Restaurant.swift in Sources */,
				2FE5C6742ADF1BE1004BD600 /* SearchBarView.swift in Sources */,
				2FD3EEDE2ADD5F1E0042D1C9 /* SceneDelegate.swift in Sources */,
				2FD3EEFC2ADDEFBC0042D1C9 /* WelcomeHeaderView.swift in Sources */,
				2FD3EEF42ADD8EB00042D1C9 /* LargeListItemView.swift in Sources */,
				2FE5C6702ADEBA50004BD600 /* SmallItemCollectionViewCell.swift in Sources */,
				2FD3EEF82ADDBD210042D1C9 /* CafeRatingView.swift in Sources */,
				2F54EF3D2AE05B9200A15D38 /* Date+FoodOrder.swift in Sources */,
				2FE5C6722ADED556004BD600 /* LargeItemCollectionViewCell.swift in Sources */,
				2FE5C6762ADF25AD004BD600 /* LocationSelectorView.swift in Sources */,
				2FD3EEF22ADD82BB0042D1C9 /* ListHeaderView.swift in Sources */,
			);
			runOnlyForDeploymentPostprocessing = 0;
		};
/* End PBXSourcesBuildPhase section */

/* Begin PBXVariantGroup section */
		2FD3EEE12ADD5F1E0042D1C9 /* Main.storyboard */ = {
			isa = PBXVariantGroup;
			children = (
				2FD3EEE22ADD5F1E0042D1C9 /* Base */,
			);
			name = Main.storyboard;
			sourceTree = "<group>";
		};
		2FD3EEE62ADD5F200042D1C9 /* LaunchScreen.storyboard */ = {
			isa = PBXVariantGroup;
			children = (
				2FD3EEE72ADD5F200042D1C9 /* Base */,
			);
			name = LaunchScreen.storyboard;
			sourceTree = "<group>";
		};
/* End PBXVariantGroup section */

/* Begin XCBuildConfiguration section */
		2FD3EEEA2ADD5F200042D1C9 /* Debug */ = {
			isa = XCBuildConfiguration;
			buildSettings = {
				ALWAYS_SEARCH_USER_PATHS = NO;
				ASSETCATALOG_COMPILER_GENERATE_SWIFT_ASSET_SYMBOL_EXTENSIONS = YES;
				CLANG_ANALYZER_NONNULL = YES;
				CLANG_ANALYZER_NUMBER_OBJECT_CONVERSION = YES_AGGRESSIVE;
				CLANG_CXX_LANGUAGE_STANDARD = "gnu++20";
				CLANG_ENABLE_MODULES = YES;
				CLANG_ENABLE_OBJC_ARC = YES;
				CLANG_ENABLE_OBJC_WEAK = YES;
				CLANG_WARN_BLOCK_CAPTURE_AUTORELEASING = YES;
				CLANG_WARN_BOOL_CONVERSION = YES;
				CLANG_WARN_COMMA = YES;
				CLANG_WARN_CONSTANT_CONVERSION = YES;
				CLANG_WARN_DEPRECATED_OBJC_IMPLEMENTATIONS = YES;
				CLANG_WARN_DIRECT_OBJC_ISA_USAGE = YES_ERROR;
				CLANG_WARN_DOCUMENTATION_COMMENTS = YES;
				CLANG_WARN_EMPTY_BODY = YES;
				CLANG_WARN_ENUM_CONVERSION = YES;
				CLANG_WARN_INFINITE_RECURSION = YES;
				CLANG_WARN_INT_CONVERSION = YES;
				CLANG_WARN_NON_LITERAL_NULL_CONVERSION = YES;
				CLANG_WARN_OBJC_IMPLICIT_RETAIN_SELF = YES;
				CLANG_WARN_OBJC_LITERAL_CONVERSION = YES;
				CLANG_WARN_OBJC_ROOT_CLASS = YES_ERROR;
				CLANG_WARN_QUOTED_INCLUDE_IN_FRAMEWORK_HEADER = YES;
				CLANG_WARN_RANGE_LOOP_ANALYSIS = YES;
				CLANG_WARN_STRICT_PROTOTYPES = YES;
				CLANG_WARN_SUSPICIOUS_MOVE = YES;
				CLANG_WARN_UNGUARDED_AVAILABILITY = YES_AGGRESSIVE;
				CLANG_WARN_UNREACHABLE_CODE = YES;
				CLANG_WARN__DUPLICATE_METHOD_MATCH = YES;
				COPY_PHASE_STRIP = NO;
				DEBUG_INFORMATION_FORMAT = dwarf;
				ENABLE_STRICT_OBJC_MSGSEND = YES;
				ENABLE_TESTABILITY = YES;
				ENABLE_USER_SCRIPT_SANDBOXING = YES;
				GCC_C_LANGUAGE_STANDARD = gnu17;
				GCC_DYNAMIC_NO_PIC = NO;
				GCC_NO_COMMON_BLOCKS = YES;
				GCC_OPTIMIZATION_LEVEL = 0;
				GCC_PREPROCESSOR_DEFINITIONS = (
					"DEBUG=1",
					"$(inherited)",
				);
				GCC_WARN_64_TO_32_BIT_CONVERSION = YES;
				GCC_WARN_ABOUT_RETURN_TYPE = YES_ERROR;
				GCC_WARN_UNDECLARED_SELECTOR = YES;
				GCC_WARN_UNINITIALIZED_AUTOS = YES_AGGRESSIVE;
				GCC_WARN_UNUSED_FUNCTION = YES;
				GCC_WARN_UNUSED_VARIABLE = YES;
				IPHONEOS_DEPLOYMENT_TARGET = 17.0;
				LOCALIZATION_PREFERS_STRING_CATALOGS = YES;
				MTL_ENABLE_DEBUG_INFO = INCLUDE_SOURCE;
				MTL_FAST_MATH = YES;
				ONLY_ACTIVE_ARCH = YES;
				SDKROOT = iphoneos;
				SWIFT_ACTIVE_COMPILATION_CONDITIONS = "DEBUG $(inherited)";
				SWIFT_OPTIMIZATION_LEVEL = "-Onone";
			};
			name = Debug;
		};
		2FD3EEEB2ADD5F200042D1C9 /* Release */ = {
			isa = XCBuildConfiguration;
			buildSettings = {
				ALWAYS_SEARCH_USER_PATHS = NO;
				ASSETCATALOG_COMPILER_GENERATE_SWIFT_ASSET_SYMBOL_EXTENSIONS = YES;
				CLANG_ANALYZER_NONNULL = YES;
				CLANG_ANALYZER_NUMBER_OBJECT_CONVERSION = YES_AGGRESSIVE;
				CLANG_CXX_LANGUAGE_STANDARD = "gnu++20";
				CLANG_ENABLE_MODULES = YES;
				CLANG_ENABLE_OBJC_ARC = YES;
				CLANG_ENABLE_OBJC_WEAK = YES;
				CLANG_WARN_BLOCK_CAPTURE_AUTORELEASING = YES;
				CLANG_WARN_BOOL_CONVERSION = YES;
				CLANG_WARN_COMMA = YES;
				CLANG_WARN_CONSTANT_CONVERSION = YES;
				CLANG_WARN_DEPRECATED_OBJC_IMPLEMENTATIONS = YES;
				CLANG_WARN_DIRECT_OBJC_ISA_USAGE = YES_ERROR;
				CLANG_WARN_DOCUMENTATION_COMMENTS = YES;
				CLANG_WARN_EMPTY_BODY = YES;
				CLANG_WARN_ENUM_CONVERSION = YES;
				CLANG_WARN_INFINITE_RECURSION = YES;
				CLANG_WARN_INT_CONVERSION = YES;
				CLANG_WARN_NON_LITERAL_NULL_CONVERSION = YES;
				CLANG_WARN_OBJC_IMPLICIT_RETAIN_SELF = YES;
				CLANG_WARN_OBJC_LITERAL_CONVERSION = YES;
				CLANG_WARN_OBJC_ROOT_CLASS = YES_ERROR;
				CLANG_WARN_QUOTED_INCLUDE_IN_FRAMEWORK_HEADER = YES;
				CLANG_WARN_RANGE_LOOP_ANALYSIS = YES;
				CLANG_WARN_STRICT_PROTOTYPES = YES;
				CLANG_WARN_SUSPICIOUS_MOVE = YES;
				CLANG_WARN_UNGUARDED_AVAILABILITY = YES_AGGRESSIVE;
				CLANG_WARN_UNREACHABLE_CODE = YES;
				CLANG_WARN__DUPLICATE_METHOD_MATCH = YES;
				COPY_PHASE_STRIP = NO;
				DEBUG_INFORMATION_FORMAT = "dwarf-with-dsym";
				ENABLE_NS_ASSERTIONS = NO;
				ENABLE_STRICT_OBJC_MSGSEND = YES;
				ENABLE_USER_SCRIPT_SANDBOXING = YES;
				GCC_C_LANGUAGE_STANDARD = gnu17;
				GCC_NO_COMMON_BLOCKS = YES;
				GCC_WARN_64_TO_32_BIT_CONVERSION = YES;
				GCC_WARN_ABOUT_RETURN_TYPE = YES_ERROR;
				GCC_WARN_UNDECLARED_SELECTOR = YES;
				GCC_WARN_UNINITIALIZED_AUTOS = YES_AGGRESSIVE;
				GCC_WARN_UNUSED_FUNCTION = YES;
				GCC_WARN_UNUSED_VARIABLE = YES;
				IPHONEOS_DEPLOYMENT_TARGET = 17.0;
				LOCALIZATION_PREFERS_STRING_CATALOGS = YES;
				MTL_ENABLE_DEBUG_INFO = NO;
				MTL_FAST_MATH = YES;
				SDKROOT = iphoneos;
				SWIFT_COMPILATION_MODE = wholemodule;
				VALIDATE_PRODUCT = YES;
			};
			name = Release;
		};
		2FD3EEED2ADD5F200042D1C9 /* Debug */ = {
			isa = XCBuildConfiguration;
			buildSettings = {
				ASSETCATALOG_COMPILER_APPICON_NAME = AppIcon;
				ASSETCATALOG_COMPILER_GLOBAL_ACCENT_COLOR_NAME = AccentColor;
				CODE_SIGN_STYLE = Automatic;
				CURRENT_PROJECT_VERSION = 1;
				DEVELOPMENT_TEAM = 253GAU5X5Q;
				GENERATE_INFOPLIST_FILE = YES;
				INFOPLIST_FILE = FoodOrderApp/Info.plist;
				INFOPLIST_KEY_UIApplicationSupportsIndirectInputEvents = YES;
				INFOPLIST_KEY_UILaunchStoryboardName = LaunchScreen;
				INFOPLIST_KEY_UIMainStoryboardFile = Main;
				INFOPLIST_KEY_UISupportedInterfaceOrientations_iPad = "UIInterfaceOrientationPortrait UIInterfaceOrientationPortraitUpsideDown UIInterfaceOrientationLandscapeLeft UIInterfaceOrientationLandscapeRight";
				INFOPLIST_KEY_UISupportedInterfaceOrientations_iPhone = "UIInterfaceOrientationPortrait UIInterfaceOrientationLandscapeLeft UIInterfaceOrientationLandscapeRight";
				LD_RUNPATH_SEARCH_PATHS = (
					"$(inherited)",
					"@executable_path/Frameworks",
				);
				MARKETING_VERSION = 1.0;
				PRODUCT_BUNDLE_IDENTIFIER = com.muratkaya.FoodOrderApp;
				PRODUCT_NAME = "$(TARGET_NAME)";
				SWIFT_EMIT_LOC_STRINGS = YES;
				SWIFT_VERSION = 5.0;
				TARGETED_DEVICE_FAMILY = "1,2";
			};
			name = Debug;
		};
		2FD3EEEE2ADD5F200042D1C9 /* Release */ = {
			isa = XCBuildConfiguration;
			buildSettings = {
				ASSETCATALOG_COMPILER_APPICON_NAME = AppIcon;
				ASSETCATALOG_COMPILER_GLOBAL_ACCENT_COLOR_NAME = AccentColor;
				CODE_SIGN_STYLE = Automatic;
				CURRENT_PROJECT_VERSION = 1;
				DEVELOPMENT_TEAM = 253GAU5X5Q;
				GENERATE_INFOPLIST_FILE = YES;
				INFOPLIST_FILE = FoodOrderApp/Info.plist;
				INFOPLIST_KEY_UIApplicationSupportsIndirectInputEvents = YES;
				INFOPLIST_KEY_UILaunchStoryboardName = LaunchScreen;
				INFOPLIST_KEY_UIMainStoryboardFile = Main;
				INFOPLIST_KEY_UISupportedInterfaceOrientations_iPad = "UIInterfaceOrientationPortrait UIInterfaceOrientationPortraitUpsideDown UIInterfaceOrientationLandscapeLeft UIInterfaceOrientationLandscapeRight";
				INFOPLIST_KEY_UISupportedInterfaceOrientations_iPhone = "UIInterfaceOrientationPortrait UIInterfaceOrientationLandscapeLeft UIInterfaceOrientationLandscapeRight";
				LD_RUNPATH_SEARCH_PATHS = (
					"$(inherited)",
					"@executable_path/Frameworks",
				);
				MARKETING_VERSION = 1.0;
				PRODUCT_BUNDLE_IDENTIFIER = com.muratkaya.FoodOrderApp;
				PRODUCT_NAME = "$(TARGET_NAME)";
				SWIFT_EMIT_LOC_STRINGS = YES;
				SWIFT_VERSION = 5.0;
				TARGETED_DEVICE_FAMILY = "1,2";
			};
			name = Release;
		};
/* End XCBuildConfiguration section */

/* Begin XCConfigurationList section */
		2FD3EED32ADD5F1D0042D1C9 /* Build configuration list for PBXProject "FoodOrderApp" */ = {
			isa = XCConfigurationList;
			buildConfigurations = (
				2FD3EEEA2ADD5F200042D1C9 /* Debug */,
				2FD3EEEB2ADD5F200042D1C9 /* Release */,
			);
			defaultConfigurationIsVisible = 0;
			defaultConfigurationName = Release;
		};
		2FD3EEEC2ADD5F200042D1C9 /* Build configuration list for PBXNativeTarget "FoodOrderApp" */ = {
			isa = XCConfigurationList;
			buildConfigurations = (
				2FD3EEED2ADD5F200042D1C9 /* Debug */,
				2FD3EEEE2ADD5F200042D1C9 /* Release */,
			);
			defaultConfigurationIsVisible = 0;
			defaultConfigurationName = Release;
		};
/* End XCConfigurationList section */
	};
	rootObject = 2FD3EED02ADD5F1D0042D1C9 /* Project object */;
}
